
Microsoft Visual Studio Solution File, Format Version 12.00
# Visual Studio Version 17
VisualStudioVersion = 17.4.33213.308
MinimumVisualStudioVersion = 10.0.40219.1
Project("{FAE04EC0-301F-11D3-BF4B-00C04F79EFBC}") = "StringTasks", "StringTasks\StringTasks.csproj", "{C2030875-A08B-4AE2-96AC-C5056D482B33}"
EndProject
Global
	GlobalSection(SolutionConfigurationPlatforms) = preSolution
		Debug|Any CPU = Debug|Any CPU
		Release|Any CPU = Release|Any CPU
	EndGlobalSection
	GlobalSection(ProjectConfigurationPlatforms) = postSolution
		{C2030875-A08B-4AE2-96AC-C5056D482B33}.Debug|Any CPU.ActiveCfg = Debug|Any CPU
		{C2030875-A08B-4AE2-96AC-C5056D482B33}.Debug|Any CPU.Build.0 = Debug|Any CPU
		{C2030875-A08B-4AE2-96AC-C5056D482B33}.Release|Any CPU.ActiveCfg = Release|Any CPU
		{C2030875-A08B-4AE2-96AC-C5056D482B33}.Release|Any CPU.Build.0 = Release|Any CPU
	EndGlobalSection
	GlobalSection(SolutionProperties) = preSolution
		HideSolutionNode = FALSE
	EndGlobalSection
	GlobalSection(ExtensibilityGlobals) = postSolution
		SolutionGuid = {963637D1-160E-44C0-B88B-BAB4322D0D59}
	EndGlobalSection
EndGlobal
